
Microsoft Visual Studio Solution File, Format Version 12.00
# Visual Studio Version 16
VisualStudioVersion = 16.0.30128.74
MinimumVisualStudioVersion = 10.0.40219.1
Project("{9A19103F-16F7-4668-BE54-9A1E7A4F7556}") = "ClosedLoopIrrigate", "ClosedLoopIrrigate\ClosedLoopIrrigate.csproj", "{1742256A-A1FB-4AFF-90D9-E05718063E7E}"
EndProject
Project("{9A19103F-16F7-4668-BE54-9A1E7A4F7556}") = "Services.Implementation", "Services.Implementation\Services.Implementation.csproj", "{DC63C036-0A97-4782-9410-312C133CD68B}"
EndProject
Project("{9A19103F-16F7-4668-BE54-9A1E7A4F7556}") = "Services.Interfaces", "Services.Interfaces\Services.Interfaces.csproj", "{1463EABA-ACB9-443A-89CC-89B43E4532AD}"
EndProject
Project("{9A19103F-16F7-4668-BE54-9A1E7A4F7556}") = "DecisionFramework", "DecisionFramework\DecisionFramework.csproj", "{8944BC91-2D99-4851-AB40-63149E04D638}"
EndProject
Global
	GlobalSection(SolutionConfigurationPlatforms) = preSolution
		Debug|Any CPU = Debug|Any CPU
		Release|Any CPU = Release|Any CPU
	EndGlobalSection
	GlobalSection(ProjectConfigurationPlatforms) = postSolution
		{1742256A-A1FB-4AFF-90D9-E05718063E7E}.Debug|Any CPU.ActiveCfg = Debug|Any CPU
		{1742256A-A1FB-4AFF-90D9-E05718063E7E}.Debug|Any CPU.Build.0 = Debug|Any CPU
		{1742256A-A1FB-4AFF-90D9-E05718063E7E}.Release|Any CPU.ActiveCfg = Release|Any CPU
		{1742256A-A1FB-4AFF-90D9-E05718063E7E}.Release|Any CPU.Build.0 = Release|Any CPU
		{DC63C036-0A97-4782-9410-312C133CD68B}.Debug|Any CPU.ActiveCfg = Debug|Any CPU
		{DC63C036-0A97-4782-9410-312C133CD68B}.Debug|Any CPU.Build.0 = Debug|Any CPU
		{DC63C036-0A97-4782-9410-312C133CD68B}.Release|Any CPU.ActiveCfg = Release|Any CPU
		{DC63C036-0A97-4782-9410-312C133CD68B}.Release|Any CPU.Build.0 = Release|Any CPU
		{1463EABA-ACB9-443A-89CC-89B43E4532AD}.Debug|Any CPU.ActiveCfg = Debug|Any CPU
		{1463EABA-ACB9-443A-89CC-89B43E4532AD}.Debug|Any CPU.Build.0 = Debug|Any CPU
		{1463EABA-ACB9-443A-89CC-89B43E4532AD}.Release|Any CPU.ActiveCfg = Release|Any CPU
		{1463EABA-ACB9-443A-89CC-89B43E4532AD}.Release|Any CPU.Build.0 = Release|Any CPU
		{8944BC91-2D99-4851-AB40-63149E04D638}.Debug|Any CPU.ActiveCfg = Debug|Any CPU
		{8944BC91-2D99-4851-AB40-63149E04D638}.Debug|Any CPU.Build.0 = Debug|Any CPU
		{8944BC91-2D99-4851-AB40-63149E04D638}.Release|Any CPU.ActiveCfg = Release|Any CPU
		{8944BC91-2D99-4851-AB40-63149E04D638}.Release|Any CPU.Build.0 = Release|Any CPU
	EndGlobalSection
	GlobalSection(SolutionProperties) = preSolution
		HideSolutionNode = FALSE
	EndGlobalSection
	GlobalSection(ExtensibilityGlobals) = postSolution
		SolutionGuid = {06F395F6-09ED-469D-AD09-9C541BBFEFEE}
	EndGlobalSection
EndGlobal
